
Microsoft Visual Studio Solution File, Format Version 12.00
# Visual Studio Version 17
VisualStudioVersion = 17.10.35027.167
MinimumVisualStudioVersion = 10.0.40219.1
Project("{FAE04EC0-301F-11D3-BF4B-00C04F79EFBC}") = "TaskBloggingPlatform", "TaskBloggingPlatform\TaskBloggingPlatform.csproj", "{DBB44CB1-70C5-4D3A-9D7D-39F9C7C467C3}"
EndProject
Global
	GlobalSection(SolutionConfigurationPlatforms) = preSolution
		Debug|Any CPU = Debug|Any CPU
		Release|Any CPU = Release|Any CPU
	EndGlobalSection
	GlobalSection(ProjectConfigurationPlatforms) = postSolution
		{DBB44CB1-70C5-4D3A-9D7D-39F9C7C467C3}.Debug|Any CPU.ActiveCfg = Debug|Any CPU
		{DBB44CB1-70C5-4D3A-9D7D-39F9C7C467C3}.Debug|Any CPU.Build.0 = Debug|Any CPU
		{DBB44CB1-70C5-4D3A-9D7D-39F9C7C467C3}.Release|Any CPU.ActiveCfg = Release|Any CPU
		{DBB44CB1-70C5-4D3A-9D7D-39F9C7C467C3}.Release|Any CPU.Build.0 = Release|Any CPU
	EndGlobalSection
	GlobalSection(SolutionProperties) = preSolution
		HideSolutionNode = FALSE
	EndGlobalSection
	GlobalSection(ExtensibilityGlobals) = postSolution
		SolutionGuid = {F40EDB55-A4DF-49A3-B076-0904EA632313}
	EndGlobalSection
EndGlobal
